// !$*UTF8*$!
{
	archiveVersion = 1;
	classes = {
	};
	objectVersion = 46;
	objects = {

/* Begin PBXBuildFile section */
		EA777E111971E627000CEE43 /* Foundation.framework in Frameworks */ = {isa = PBXBuildFile; fileRef = EA777E101971E627000CEE43 /* Foundation.framework */; };
		EA777E131971E627000CEE43 /* CoreGraphics.framework in Frameworks */ = {isa = PBXBuildFile; fileRef = EA777E121971E627000CEE43 /* CoreGraphics.framework */; };
		EA777E151971E627000CEE43 /* UIKit.framework in Frameworks */ = {isa = PBXBuildFile; fileRef = EA777E141971E627000CEE43 /* UIKit.framework */; };
		EA777E1B1971E627000CEE43 /* InfoPlist.strings in Resources */ = {isa = PBXBuildFile; fileRef = EA777E191971E627000CEE43 /* InfoPlist.strings */; };
		EA777E1D1971E627000CEE43 /* main.m in Sources */ = {isa = PBXBuildFile; fileRef = EA777E1C1971E627000CEE43 /* main.m */; };
		EA777E211971E627000CEE43 /* AppDelegate.m in Sources */ = {isa = PBXBuildFile; fileRef = EA777E201971E627000CEE43 /* AppDelegate.m */; };
		EA777E241971E627000CEE43 /* Main.storyboard in Resources */ = {isa = PBXBuildFile; fileRef = EA777E221971E627000CEE43 /* Main.storyboard */; };
		EA777E291971E627000CEE43 /* Images.xcassets in Resources */ = {isa = PBXBuildFile; fileRef = EA777E281971E627000CEE43 /* Images.xcassets */; };
		EA777E301971E627000CEE43 /* XCTest.framework in Frameworks */ = {isa = PBXBuildFile; fileRef = EA777E2F1971E627000CEE43 /* XCTest.framework */; };
		EA777E311971E627000CEE43 /* Foundation.framework in Frameworks */ = {isa = PBXBuildFile; fileRef = EA777E101971E627000CEE43 /* Foundation.framework */; };
		EA777E321971E627000CEE43 /* UIKit.framework in Frameworks */ = {isa = PBXBuildFile; fileRef = EA777E141971E627000CEE43 /* UIKit.framework */; };
		EA777E3A1971E627000CEE43 /* InfoPlist.strings in Resources */ = {isa = PBXBuildFile; fileRef = EA777E381971E627000CEE43 /* InfoPlist.strings */; };
		EA777E3C1971E627000CEE43 /* EjemploHerenciaTests.m in Sources */ = {isa = PBXBuildFile; fileRef = EA777E3B1971E627000CEE43 /* EjemploHerenciaTests.m */; };
		EA777E471971E641000CEE43 /* MyControlador.m in Sources */ = {isa = PBXBuildFile; fileRef = EA777E461971E641000CEE43 /* MyControlador.m */; };
		EA777E4A1971E664000CEE43 /* HeredadoViewController.m in Sources */ = {isa = PBXBuildFile; fileRef = EA777E491971E664000CEE43 /* HeredadoViewController.m */; };
		EA777E4D1971FE3C000CEE43 /* TableViewController.m in Sources */ = {isa = PBXBuildFile; fileRef = EA777E4C1971FE3C000CEE43 /* TableViewController.m */; };
		EAA8930F1974789700D17112 /* CeldaDelegate.m in Sources */ = {isa = PBXBuildFile; fileRef = EAA8930E1974789700D17112 /* CeldaDelegate.m */; };
		EAABB4DF197339A700AA887A /* DetailTable.m in Sources */ = {isa = PBXBuildFile; fileRef = EAABB4DE197339A700AA887A /* DetailTable.m */; };
/* End PBXBuildFile section */

/* Begin PBXContainerItemProxy section */
		EA777E331971E627000CEE43 /* PBXContainerItemProxy */ = {
			isa = PBXContainerItemProxy;
			containerPortal = EA777E051971E627000CEE43 /* Project object */;
			proxyType = 1;
			remoteGlobalIDString = EA777E0C1971E627000CEE43;
			remoteInfo = EjemploHerencia;
		};
/* End PBXContainerItemProxy section */

/* Begin PBXFileReference section */
		EA777E0D1971E627000CEE43 /* EjemploHerencia.app */ = {isa = PBXFileReference; explicitFileType = wrapper.application; includeInIndex = 0; path = EjemploHerencia.app; sourceTree = BUILT_PRODUCTS_DIR; };
		EA777E101971E627000CEE43 /* Foundation.framework */ = {isa = PBXFileReference; lastKnownFileType = wrapper.framework; name = Foundation.framework; path = System/Library/Frameworks/Foundation.framework; sourceTree = SDKROOT; };
		EA777E121971E627000CEE43 /* CoreGraphics.framework */ = {isa = PBXFileReference; lastKnownFileType = wrapper.framework; name = CoreGraphics.framework; path = System/Library/Frameworks/CoreGraphics.framework; sourceTree = SDKROOT; };
		EA777E141971E627000CEE43 /* UIKit.framework */ = {isa = PBXFileReference; lastKnownFileType = wrapper.framework; name = UIKit.framework; path = System/Library/Frameworks/UIKit.framework; sourceTree = SDKROOT; };
		EA777E181971E627000CEE43 /* EjemploHerencia-Info.plist */ = {isa = PBXFileReference; lastKnownFileType = text.plist.xml; path = "EjemploHerencia-Info.plist"; sourceTree = "<group>"; };
		EA777E1A1971E627000CEE43 /* en */ = {isa = PBXFileReference; lastKnownFileType = text.plist.strings; name = en; path = en.lproj/InfoPlist.strings; sourceTree = "<group>"; };
		EA777E1C1971E627000CEE43 /* main.m */ = {isa = PBXFileReference; lastKnownFileType = sourcecode.c.objc; path = main.m; sourceTree = "<group>"; };
		EA777E1E1971E627000CEE43 /* EjemploHerencia-Prefix.pch */ = {isa = PBXFileReference; lastKnownFileType = sourcecode.c.h; path = "EjemploHerencia-Prefix.pch"; sourceTree = "<group>"; };
		EA777E1F1971E627000CEE43 /* AppDelegate.h */ = {isa = PBXFileReference; lastKnownFileType = sourcecode.c.h; path = AppDelegate.h; sourceTree = "<group>"; };
		EA777E201971E627000CEE43 /* AppDelegate.m */ = {isa = PBXFileReference; lastKnownFileType = sourcecode.c.objc; path = AppDelegate.m; sourceTree = "<group>"; };
		EA777E231971E627000CEE43 /* Base */ = {isa = PBXFileReference; lastKnownFileType = file.storyboard; name = Base; path = Base.lproj/Main.storyboard; sourceTree = "<group>"; };
		EA777E281971E627000CEE43 /* Images.xcassets */ = {isa = PBXFileReference; lastKnownFileType = folder.assetcatalog; path = Images.xcassets; sourceTree = "<group>"; };
		EA777E2E1971E627000CEE43 /* EjemploHerenciaTests.xctest */ = {isa = PBXFileReference; explicitFileType = wrapper.cfbundle; includeInIndex = 0; path = EjemploHerenciaTests.xctest; sourceTree = BUILT_PRODUCTS_DIR; };
		EA777E2F1971E627000CEE43 /* XCTest.framework */ = {isa = PBXFileReference; lastKnownFileType = wrapper.framework; name = XCTest.framework; path = Library/Frameworks/XCTest.framework; sourceTree = DEVELOPER_DIR; };
		EA777E371971E627000CEE43 /* EjemploHerenciaTests-Info.plist */ = {isa = PBXFileReference; lastKnownFileType = text.plist.xml; path = "EjemploHerenciaTests-Info.plist"; sourceTree = "<group>"; };
		EA777E391971E627000CEE43 /* en */ = {isa = PBXFileReference; lastKnownFileType = text.plist.strings; name = en; path = en.lproj/InfoPlist.strings; sourceTree = "<group>"; };
		EA777E3B1971E627000CEE43 /* EjemploHerenciaTests.m */ = {isa = PBXFileReference; lastKnownFileType = sourcecode.c.objc; path = EjemploHerenciaTests.m; sourceTree = "<group>"; };
		EA777E451971E641000CEE43 /* MyControlador.h */ = {isa = PBXFileReference; fileEncoding = 4; lastKnownFileType = sourcecode.c.h; path = MyControlador.h; sourceTree = "<group>"; };
		EA777E461971E641000CEE43 /* MyControlador.m */ = {isa = PBXFileReference; fileEncoding = 4; lastKnownFileType = sourcecode.c.objc; path = MyControlador.m; sourceTree = "<group>"; };
		EA777E481971E664000CEE43 /* HeredadoViewController.h */ = {isa = PBXFileReference; fileEncoding = 4; lastKnownFileType = sourcecode.c.h; path = HeredadoViewController.h; sourceTree = "<group>"; };
		EA777E491971E664000CEE43 /* HeredadoViewController.m */ = {isa = PBXFileReference; fileEncoding = 4; lastKnownFileType = sourcecode.c.objc; path = HeredadoViewController.m; sourceTree = "<group>"; };
		EA777E4B1971FE3C000CEE43 /* TableViewController.h */ = {isa = PBXFileReference; fileEncoding = 4; lastKnownFileType = sourcecode.c.h; path = TableViewController.h; sourceTree = "<group>"; };
		EA777E4C1971FE3C000CEE43 /* TableViewController.m */ = {isa = PBXFileReference; fileEncoding = 4; lastKnownFileType = sourcecode.c.objc; path = TableViewController.m; sourceTree = "<group>"; };
		EAA8930D1974789700D17112 /* CeldaDelegate.h */ = {isa = PBXFileReference; fileEncoding = 4; lastKnownFileType = sourcecode.c.h; path = CeldaDelegate.h; sourceTree = "<group>"; };
		EAA8930E1974789700D17112 /* CeldaDelegate.m */ = {isa = PBXFileReference; fileEncoding = 4; lastKnownFileType = sourcecode.c.objc; path = CeldaDelegate.m; sourceTree = "<group>"; };
		EAABB4DD197339A700AA887A /* DetailTable.h */ = {isa = PBXFileReference; fileEncoding = 4; lastKnownFileType = sourcecode.c.h; path = DetailTable.h; sourceTree = "<group>"; };
		EAABB4DE197339A700AA887A /* DetailTable.m */ = {isa = PBXFileReference; fileEncoding = 4; lastKnownFileType = sourcecode.c.objc; path = DetailTable.m; sourceTree = "<group>"; };
/* End PBXFileReference section */

/* Begin PBXFrameworksBuildPhase section */
		EA777E0A1971E627000CEE43 /* Frameworks */ = {
			isa = PBXFrameworksBuildPhase;
			buildActionMask = 2147483647;
			files = (
				EA777E131971E627000CEE43 /* CoreGraphics.framework in Frameworks */,
				EA777E151971E627000CEE43 /* UIKit.framework in Frameworks */,
				EA777E111971E627000CEE43 /* Foundation.framework in Frameworks */,
			);
			runOnlyForDeploymentPostprocessing = 0;
		};
		EA777E2B1971E627000CEE43 /* Frameworks */ = {
			isa = PBXFrameworksBuildPhase;
			buildActionMask = 2147483647;
			files = (
				EA777E301971E627000CEE43 /* XCTest.framework in Frameworks */,
				EA777E321971E627000CEE43 /* UIKit.framework in Frameworks */,
				EA777E311971E627000CEE43 /* Foundation.framework in Frameworks */,
			);
			runOnlyForDeploymentPostprocessing = 0;
		};
/* End PBXFrameworksBuildPhase section */

/* Begin PBXGroup section */
		EA777E041971E627000CEE43 = {
			isa = PBXGroup;
			children = (
				EA777E161971E627000CEE43 /* EjemploHerencia */,
				EA777E351971E627000CEE43 /* EjemploHerenciaTests */,
				EA777E0F1971E627000CEE43 /* Frameworks */,
				EA777E0E1971E627000CEE43 /* Products */,
			);
			sourceTree = "<group>";
		};
		EA777E0E1971E627000CEE43 /* Products */ = {
			isa = PBXGroup;
			children = (
				EA777E0D1971E627000CEE43 /* EjemploHerencia.app */,
				EA777E2E1971E627000CEE43 /* EjemploHerenciaTests.xctest */,
			);
			name = Products;
			sourceTree = "<group>";
		};
		EA777E0F1971E627000CEE43 /* Frameworks */ = {
			isa = PBXGroup;
			children = (
				EA777E101971E627000CEE43 /* Foundation.framework */,
				EA777E121971E627000CEE43 /* CoreGraphics.framework */,
				EA777E141971E627000CEE43 /* UIKit.framework */,
				EA777E2F1971E627000CEE43 /* XCTest.framework */,
			);
			name = Frameworks;
			sourceTree = "<group>";
		};
		EA777E161971E627000CEE43 /* EjemploHerencia */ = {
			isa = PBXGroup;
			children = (
				EA777E1F1971E627000CEE43 /* AppDelegate.h */,
				EA777E201971E627000CEE43 /* AppDelegate.m */,
				EA777E221971E627000CEE43 /* Main.storyboard */,
				EA777E281971E627000CEE43 /* Images.xcassets */,
				EA777E171971E627000CEE43 /* Supporting Files */,
				EA777E451971E641000CEE43 /* MyControlador.h */,
				EA777E461971E641000CEE43 /* MyControlador.m */,
				EA777E481971E664000CEE43 /* HeredadoViewController.h */,
				EA777E491971E664000CEE43 /* HeredadoViewController.m */,
				EA777E4B1971FE3C000CEE43 /* TableViewController.h */,
				EA777E4C1971FE3C000CEE43 /* TableViewController.m */,
				EAABB4DD197339A700AA887A /* DetailTable.h */,
				EAABB4DE197339A700AA887A /* DetailTable.m */,
				EAA8930D1974789700D17112 /* CeldaDelegate.h */,
				EAA8930E1974789700D17112 /* CeldaDelegate.m */,
			);
			path = EjemploHerencia;
			sourceTree = "<group>";
		};
		EA777E171971E627000CEE43 /* Supporting Files */ = {
			isa = PBXGroup;
			children = (
				EA777E181971E627000CEE43 /* EjemploHerencia-Info.plist */,
				EA777E191971E627000CEE43 /* InfoPlist.strings */,
				EA777E1C1971E627000CEE43 /* main.m */,
				EA777E1E1971E627000CEE43 /* EjemploHerencia-Prefix.pch */,
			);
			name = "Supporting Files";
			sourceTree = "<group>";
		};
		EA777E351971E627000CEE43 /* EjemploHerenciaTests */ = {
			isa = PBXGroup;
			children = (
				EA777E3B1971E627000CEE43 /* EjemploHerenciaTests.m */,
				EA777E361971E627000CEE43 /* Supporting Files */,
			);
			path = EjemploHerenciaTests;
			sourceTree = "<group>";
		};
		EA777E361971E627000CEE43 /* Supporting Files */ = {
			isa = PBXGroup;
			children = (
				EA777E371971E627000CEE43 /* EjemploHerenciaTests-Info.plist */,
				EA777E381971E627000CEE43 /* InfoPlist.strings */,
			);
			name = "Supporting Files";
			sourceTree = "<group>";
		};
/* End PBXGroup section */

/* Begin PBXNativeTarget section */
		EA777E0C1971E627000CEE43 /* EjemploHerencia */ = {
			isa = PBXNativeTarget;
			buildConfigurationList = EA777E3F1971E627000CEE43 /* Build configuration list for PBXNativeTarget "EjemploHerencia" */;
			buildPhases = (
				EA777E091971E627000CEE43 /* Sources */,
				EA777E0A1971E627000CEE43 /* Frameworks */,
				EA777E0B1971E627000CEE43 /* Resources */,
			);
			buildRules = (
			);
			dependencies = (
			);
			name = EjemploHerencia;
			productName = EjemploHerencia;
			productReference = EA777E0D1971E627000CEE43 /* EjemploHerencia.app */;
			productType = "com.apple.product-type.application";
		};
		EA777E2D1971E627000CEE43 /* EjemploHerenciaTests */ = {
			isa = PBXNativeTarget;
			buildConfigurationList = EA777E421971E627000CEE43 /* Build configuration list for PBXNativeTarget "EjemploHerenciaTests" */;
			buildPhases = (
				EA777E2A1971E627000CEE43 /* Sources */,
				EA777E2B1971E627000CEE43 /* Frameworks */,
				EA777E2C1971E627000CEE43 /* Resources */,
			);
			buildRules = (
			);
			dependencies = (
				EA777E341971E627000CEE43 /* PBXTargetDependency */,
			);
			name = EjemploHerenciaTests;
			productName = EjemploHerenciaTests;
			productReference = EA777E2E1971E627000CEE43 /* EjemploHerenciaTests.xctest */;
			productType = "com.apple.product-type.bundle.unit-test";
		};
/* End PBXNativeTarget section */

/* Begin PBXProject section */
		EA777E051971E627000CEE43 /* Project object */ = {
			isa = PBXProject;
			attributes = {
				LastUpgradeCheck = 0510;
				ORGANIZATIONNAME = "Jaime  Acevedo Cerna";
				TargetAttributes = {
					EA777E2D1971E627000CEE43 = {
						TestTargetID = EA777E0C1971E627000CEE43;
					};
				};
			};
			buildConfigurationList = EA777E081971E627000CEE43 /* Build configuration list for PBXProject "EjemploHerencia" */;
			compatibilityVersion = "Xcode 3.2";
			developmentRegion = English;
			hasScannedForEncodings = 0;
			knownRegions = (
				en,
				Base,
			);
			mainGroup = EA777E041971E627000CEE43;
			productRefGroup = EA777E0E1971E627000CEE43 /* Products */;
			projectDirPath = "";
			projectRoot = "";
			targets = (
				EA777E0C1971E627000CEE43 /* EjemploHerencia */,
				EA777E2D1971E627000CEE43 /* EjemploHerenciaTests */,
			);
		};
/* End PBXProject section */

/* Begin PBXResourcesBuildPhase section */
		EA777E0B1971E627000CEE43 /* Resources */ = {
			isa = PBXResourcesBuildPhase;
			buildActionMask = 2147483647;
			files = (
				EA777E291971E627000CEE43 /* Images.xcassets in Resources */,
				EA777E1B1971E627000CEE43 /* InfoPlist.strings in Resources */,
				EA777E241971E627000CEE43 /* Main.storyboard in Resources */,
			);
			runOnlyForDeploymentPostprocessing = 0;
		};
		EA777E2C1971E627000CEE43 /* Resources */ = {
			isa = PBXResourcesBuildPhase;
			buildActionMask = 2147483647;
			files = (
				EA777E3A1971E627000CEE43 /* InfoPlist.strings in Resources */,
			);
			runOnlyForDeploymentPostprocessing = 0;
		};
/* End PBXResourcesBuildPhase section */

/* Begin PBXSourcesBuildPhase section */
		EA777E091971E627000CEE43 /* Sources */ = {
			isa = PBXSourcesBuildPhase;
			buildActionMask = 2147483647;
			files = (
				EA777E4A1971E664000CEE43 /* HeredadoViewController.m in Sources */,
				EA777E211971E627000CEE43 /* AppDelegate.m in Sources */,
				EA777E1D1971E627000CEE43 /* main.m in Sources */,
				EA777E4D1971FE3C000CEE43 /* TableViewController.m in Sources */,
				EA777E471971E641000CEE43 /* MyControlador.m in Sources */,
				EAABB4DF197339A700AA887A /* DetailTable.m in Sources */,
				EAA8930F1974789700D17112 /* CeldaDelegate.m in Sources */,
			);
			runOnlyForDeploymentPostprocessing = 0;
		};
		EA777E2A1971E627000CEE43 /* Sources */ = {
			isa = PBXSourcesBuildPhase;
			buildActionMask = 2147483647;
			files = (
				EA777E3C1971E627000CEE43 /* EjemploHerenciaTests.m in Sources */,
			);
			runOnlyForDeploymentPostprocessing = 0;
		};
/* End PBXSourcesBuildPhase section */

/* Begin PBXTargetDependency section */
		EA777E341971E627000CEE43 /* PBXTargetDependency */ = {
			isa = PBXTargetDependency;
			target = EA777E0C1971E627000CEE43 /* EjemploHerencia */;
			targetProxy = EA777E331971E627000CEE43 /* PBXContainerItemProxy */;
		};
/* End PBXTargetDependency section */

/* Begin PBXVariantGroup section */
		EA777E191971E627000CEE43 /* InfoPlist.strings */ = {
			isa = PBXVariantGroup;
			children = (
				EA777E1A1971E627000CEE43 /* en */,
			);
			name = InfoPlist.strings;
			sourceTree = "<group>";
		};
		EA777E221971E627000CEE43 /* Main.storyboard */ = {
			isa = PBXVariantGroup;
			children = (
				EA777E231971E627000CEE43 /* Base */,
			);
			name = Main.storyboard;
			sourceTree = "<group>";
		};
		EA777E381971E627000CEE43 /* InfoPlist.strings */ = {
			isa = PBXVariantGroup;
			children = (
				EA777E391971E627000CEE43 /* en */,
			);
			name = InfoPlist.strings;
			sourceTree = "<group>";
		};
/* End PBXVariantGroup section */

/* Begin XCBuildConfiguration section */
		EA777E3D1971E627000CEE43 /* Debug */ = {
			isa = XCBuildConfiguration;
			buildSettings = {
				ALWAYS_SEARCH_USER_PATHS = NO;
				CLANG_CXX_LANGUAGE_STANDARD = "gnu++0x";
				CLANG_CXX_LIBRARY = "libc++";
				CLANG_ENABLE_MODULES = YES;
				CLANG_ENABLE_OBJC_ARC = YES;
				CLANG_WARN_BOOL_CONVERSION = YES;
				CLANG_WARN_CONSTANT_CONVERSION = YES;
				CLANG_WARN_DIRECT_OBJC_ISA_USAGE = YES_ERROR;
				CLANG_WARN_EMPTY_BODY = YES;
				CLANG_WARN_ENUM_CONVERSION = YES;
				CLANG_WARN_INT_CONVERSION = YES;
				CLANG_WARN_OBJC_ROOT_CLASS = YES_ERROR;
				CLANG_WARN__DUPLICATE_METHOD_MATCH = YES;
				"CODE_SIGN_IDENTITY[sdk=iphoneos*]" = "iPhone Developer";
				COPY_PHASE_STRIP = NO;
				GCC_C_LANGUAGE_STANDARD = gnu99;
				GCC_DYNAMIC_NO_PIC = NO;
				GCC_OPTIMIZATION_LEVEL = 0;
				GCC_PREPROCESSOR_DEFINITIONS = (
					"DEBUG=1",
					"$(inherited)",
				);
				GCC_SYMBOLS_PRIVATE_EXTERN = NO;
				GCC_WARN_64_TO_32_BIT_CONVERSION = YES;
				GCC_WARN_ABOUT_RETURN_TYPE = YES_ERROR;
				GCC_WARN_UNDECLARED_SELECTOR = YES;
				GCC_WARN_UNINITIALIZED_AUTOS = YES_AGGRESSIVE;
				GCC_WARN_UNUSED_FUNCTION = YES;
				GCC_WARN_UNUSED_VARIABLE = YES;
				IPHONEOS_DEPLOYMENT_TARGET = 7.1;
				ONLY_ACTIVE_ARCH = YES;
				SDKROOT = iphoneos;
			};
			name = Debug;
		};
		EA777E3E1971E627000CEE43 /* Release */ = {
			isa = XCBuildConfiguration;
			buildSettings = {
				ALWAYS_SEARCH_USER_PATHS = NO;
				CLANG_CXX_LANGUAGE_STANDARD = "gnu++0x";
				CLANG_CXX_LIBRARY = "libc++";
				CLANG_ENABLE_MODULES = YES;
				CLANG_ENABLE_OBJC_ARC = YES;
				CLANG_WARN_BOOL_CONVERSION = YES;
				CLANG_WARN_CONSTANT_CONVERSION = YES;
				CLANG_WARN_DIRECT_OBJC_ISA_USAGE = YES_ERROR;
				CLANG_WARN_EMPTY_BODY = YES;
				CLANG_WARN_ENUM_CONVERSION = YES;
				CLANG_WARN_INT_CONVERSION = YES;
				CLANG_WARN_OBJC_ROOT_CLASS = YES_ERROR;
				CLANG_WARN__DUPLICATE_METHOD_MATCH = YES;
				"CODE_SIGN_IDENTITY[sdk=iphoneos*]" = "iPhone Developer";
				COPY_PHASE_STRIP = YES;
				ENABLE_NS_ASSERTIONS = NO;
				GCC_C_LANGUAGE_STANDARD = gnu99;
				GCC_WARN_64_TO_32_BIT_CONVERSION = YES;
				GCC_WARN_ABOUT_RETURN_TYPE = YES_ERROR;
				GCC_WARN_UNDECLARED_SELECTOR = YES;
				GCC_WARN_UNINITIALIZED_AUTOS = YES_AGGRESSIVE;
				GCC_WARN_UNUSED_FUNCTION = YES;
				GCC_WARN_UNUSED_VARIABLE = YES;
				IPHONEOS_DEPLOYMENT_TARGET = 7.1;
				SDKROOT = iphoneos;
				VALIDATE_PRODUCT = YES;
			};
			name = Release;
		};
		EA777E401971E627000CEE43 /* Debug */ = {
			isa = XCBuildConfiguration;
			buildSettings = {
				ASSETCATALOG_COMPILER_APPICON_NAME = AppIcon;
				ASSETCATALOG_COMPILER_LAUNCHIMAGE_NAME = LaunchImage;
				GCC_PRECOMPILE_PREFIX_HEADER = YES;
				GCC_PREFIX_HEADER = "EjemploHerencia/EjemploHerencia-Prefix.pch";
				INFOPLIST_FILE = "EjemploHerencia/EjemploHerencia-Info.plist";
				PRODUCT_NAME = "$(TARGET_NAME)";
				WRAPPER_EXTENSION = app;
			};
			name = Debug;
		};
		EA777E411971E627000CEE43 /* Release */ = {
			isa = XCBuildConfiguration;
			buildSettings = {
				ASSETCATALOG_COMPILER_APPICON_NAME = AppIcon;
				ASSETCATALOG_COMPILER_LAUNCHIMAGE_NAME = LaunchImage;
				GCC_PRECOMPILE_PREFIX_HEADER = YES;
				GCC_PREFIX_HEADER = "EjemploHerencia/EjemploHerencia-Prefix.pch";
				INFOPLIST_FILE = "EjemploHerencia/EjemploHerencia-Info.plist";
				PRODUCT_NAME = "$(TARGET_NAME)";
				WRAPPER_EXTENSION = app;
			};
			name = Release;
		};
		EA777E431971E627000CEE43 /* Debug */ = {
			isa = XCBuildConfiguration;
			buildSettings = {
				BUNDLE_LOADER = "$(BUILT_PRODUCTS_DIR)/EjemploHerencia.app/EjemploHerencia";
				FRAMEWORK_SEARCH_PATHS = (
					"$(SDKROOT)/Developer/Library/Frameworks",
					"$(inherited)",
					"$(DEVELOPER_FRAMEWORKS_DIR)",
				);
				GCC_PRECOMPILE_PREFIX_HEADER = YES;
				GCC_PREFIX_HEADER = "EjemploHerencia/EjemploHerencia-Prefix.pch";
				GCC_PREPROCESSOR_DEFINITIONS = (
					"DEBUG=1",
					"$(inherited)",
				);
				INFOPLIST_FILE = "EjemploHerenciaTests/EjemploHerenciaTests-Info.plist";
				PRODUCT_NAME = "$(TARGET_NAME)";
				TEST_HOST = "$(BUNDLE_LOADER)";
				WRAPPER_EXTENSION = xctest;
			};
			name = Debug;
		};
		EA777E441971E627000CEE43 /* Release */ = {
			isa = XCBuildConfiguration;
			buildSettings = {
				BUNDLE_LOADER = "$(BUILT_PRODUCTS_DIR)/EjemploHerencia.app/EjemploHerencia";
				FRAMEWORK_SEARCH_PATHS = (
					"$(SDKROOT)/Developer/Library/Frameworks",
					"$(inherited)",
					"$(DEVELOPER_FRAMEWORKS_DIR)",
				);
				GCC_PRECOMPILE_PREFIX_HEADER = YES;
				GCC_PREFIX_HEADER = "EjemploHerencia/EjemploHerencia-Prefix.pch";
				INFOPLIST_FILE = "EjemploHerenciaTests/EjemploHerenciaTests-Info.plist";
				PRODUCT_NAME = "$(TARGET_NAME)";
				TEST_HOST = "$(BUNDLE_LOADER)";
				WRAPPER_EXTENSION = xctest;
			};
			name = Release;
		};
/* End XCBuildConfiguration section */

/* Begin XCConfigurationList section */
		EA777E081971E627000CEE43 /* Build configuration list for PBXProject "EjemploHerencia" */ = {
			isa = XCConfigurationList;
			buildConfigurations = (
				EA777E3D1971E627000CEE43 /* Debug */,
				EA777E3E1971E627000CEE43 /* Release */,
			);
			defaultConfigurationIsVisible = 0;
			defaultConfigurationName = Release;
		};
		EA777E3F1971E627000CEE43 /* Build configuration list for PBXNativeTarget "EjemploHerencia" */ = {
			isa = XCConfigurationList;
			buildConfigurations = (
				EA777E401971E627000CEE43 /* Debug */,
				EA777E411971E627000CEE43 /* Release */,
			);
			defaultConfigurationIsVisible = 0;
			defaultConfigurationName = Release;
		};
		EA777E421971E627000CEE43 /* Build configuration list for PBXNativeTarget "EjemploHerenciaTests" */ = {
			isa = XCConfigurationList;
			buildConfigurations = (
				EA777E431971E627000CEE43 /* Debug */,
				EA777E441971E627000CEE43 /* Release */,
			);
			defaultConfigurationIsVisible = 0;
			defaultConfigurationName = Release;
		};
/* End XCConfigurationList section */
	};
	rootObject = EA777E051971E627000CEE43 /* Project object */;
}
